
Microsoft Visual Studio Solution File, Format Version 12.00
# Visual Studio Version 16
VisualStudioVersion = 16.0.29613.14
MinimumVisualStudioVersion = 10.0.40219.1
Project("{FAE04EC0-301F-11D3-BF4B-00C04F79EFBC}") = "ConsoleApp4", "ConsoleApp4\ConsoleApp4.csproj", "{0F259DFC-F9D1-4E8A-9C45-45291203EE8B}"
EndProject
Global
	GlobalSection(SolutionConfigurationPlatforms) = preSolution
		Debug|Any CPU = Debug|Any CPU
		Release|Any CPU = Release|Any CPU
	EndGlobalSection
	GlobalSection(ProjectConfigurationPlatforms) = postSolution
		{0F259DFC-F9D1-4E8A-9C45-45291203EE8B}.Debug|Any CPU.ActiveCfg = Debug|Any CPU
		{0F259DFC-F9D1-4E8A-9C45-45291203EE8B}.Debug|Any CPU.Build.0 = Debug|Any CPU
		{0F259DFC-F9D1-4E8A-9C45-45291203EE8B}.Release|Any CPU.ActiveCfg = Release|Any CPU
		{0F259DFC-F9D1-4E8A-9C45-45291203EE8B}.Release|Any CPU.Build.0 = Release|Any CPU
	EndGlobalSection
	GlobalSection(SolutionProperties) = preSolution
		HideSolutionNode = FALSE
	EndGlobalSection
	GlobalSection(ExtensibilityGlobals) = postSolution
		SolutionGuid = {C3A4AD31-8105-47AC-8191-F393EF2B2A24}
	EndGlobalSection
EndGlobal
